// !$*UTF8*$!
{
	archiveVersion = 1;
	classes = {
	};
	objectVersion = 46;
	objects = {

/* Begin PBXBuildFile section */
		11A639B94C82C7862FFE1B4F /* libPods-WCMoments.a in Frameworks */ = {isa = PBXBuildFile; fileRef = 3D5DEDCD88DDB99139C8F18D /* libPods-WCMoments.a */; };
		F7FAD9491D82FCFB000DC9CA /* main.m in Sources */ = {isa = PBXBuildFile; fileRef = F7FAD9481D82FCFB000DC9CA /* main.m */; };
		F7FAD94C1D82FCFB000DC9CA /* AppDelegate.m in Sources */ = {isa = PBXBuildFile; fileRef = F7FAD94B1D82FCFB000DC9CA /* AppDelegate.m */; };
		F7FAD9571D82FCFB000DC9CA /* LaunchScreen.storyboard in Resources */ = {isa = PBXBuildFile; fileRef = F7FAD9551D82FCFB000DC9CA /* LaunchScreen.storyboard */; };
		F7FAD9621D82FCFB000DC9CA /* WCMomentsTests.m in Sources */ = {isa = PBXBuildFile; fileRef = F7FAD9611D82FCFB000DC9CA /* WCMomentsTests.m */; };
		F7FAD96D1D82FCFB000DC9CA /* WCMomentsUITests.m in Sources */ = {isa = PBXBuildFile; fileRef = F7FAD96C1D82FCFB000DC9CA /* WCMomentsUITests.m */; };
		F7FAD97C1D82FDD4000DC9CA /* Assets.xcassets in Resources */ = {isa = PBXBuildFile; fileRef = F7FAD97B1D82FDD4000DC9CA /* Assets.xcassets */; };
		F7FAD9841D82FE92000DC9CA /* MainVC.m in Sources */ = {isa = PBXBuildFile; fileRef = F7FAD9831D82FE92000DC9CA /* MainVC.m */; };
		F7FAD9871D8317CA000DC9CA /* WCMomentsModel.xcdatamodeld in Sources */ = {isa = PBXBuildFile; fileRef = F7FAD9851D8317CA000DC9CA /* WCMomentsModel.xcdatamodeld */; };
		F7FAD9981D831E53000DC9CA /* Comment+CoreDataProperties.m in Sources */ = {isa = PBXBuildFile; fileRef = F7FAD9891D831E53000DC9CA /* Comment+CoreDataProperties.m */; };
		F7FAD9991D831E53000DC9CA /* Comment+CoreDataProperties.m in Sources */ = {isa = PBXBuildFile; fileRef = F7FAD9891D831E53000DC9CA /* Comment+CoreDataProperties.m */; };
		F7FAD99A1D831E53000DC9CA /* Comment.m in Sources */ = {isa = PBXBuildFile; fileRef = F7FAD98B1D831E53000DC9CA /* Comment.m */; };
		F7FAD99B1D831E53000DC9CA /* Comment.m in Sources */ = {isa = PBXBuildFile; fileRef = F7FAD98B1D831E53000DC9CA /* Comment.m */; };
		F7FAD99C1D831E53000DC9CA /* Tweet+CoreDataProperties.m in Sources */ = {isa = PBXBuildFile; fileRef = F7FAD98D1D831E53000DC9CA /* Tweet+CoreDataProperties.m */; };
		F7FAD99D1D831E53000DC9CA /* Tweet+CoreDataProperties.m in Sources */ = {isa = PBXBuildFile; fileRef = F7FAD98D1D831E53000DC9CA /* Tweet+CoreDataProperties.m */; };
		F7FAD99E1D831E53000DC9CA /* Tweet.m in Sources */ = {isa = PBXBuildFile; fileRef = F7FAD98F1D831E53000DC9CA /* Tweet.m */; };
		F7FAD99F1D831E53000DC9CA /* Tweet.m in Sources */ = {isa = PBXBuildFile; fileRef = F7FAD98F1D831E53000DC9CA /* Tweet.m */; };
		F7FAD9A01D831E53000DC9CA /* User+CoreDataProperties.m in Sources */ = {isa = PBXBuildFile; fileRef = F7FAD9911D831E53000DC9CA /* User+CoreDataProperties.m */; };
		F7FAD9A11D831E53000DC9CA /* User+CoreDataProperties.m in Sources */ = {isa = PBXBuildFile; fileRef = F7FAD9911D831E53000DC9CA /* User+CoreDataProperties.m */; };
		F7FAD9A21D831E53000DC9CA /* User.m in Sources */ = {isa = PBXBuildFile; fileRef = F7FAD9931D831E53000DC9CA /* User.m */; };
		F7FAD9A31D831E53000DC9CA /* User.m in Sources */ = {isa = PBXBuildFile; fileRef = F7FAD9931D831E53000DC9CA /* User.m */; };
		F7FAD9A41D831E53000DC9CA /* Media+CoreDataProperties.m in Sources */ = {isa = PBXBuildFile; fileRef = F7FAD9951D831E53000DC9CA /* Media+CoreDataProperties.m */; };
		F7FAD9A51D831E53000DC9CA /* Media+CoreDataProperties.m in Sources */ = {isa = PBXBuildFile; fileRef = F7FAD9951D831E53000DC9CA /* Media+CoreDataProperties.m */; };
		F7FAD9A61D831E53000DC9CA /* Media.m in Sources */ = {isa = PBXBuildFile; fileRef = F7FAD9971D831E53000DC9CA /* Media.m */; };
		F7FAD9A71D831E53000DC9CA /* Media.m in Sources */ = {isa = PBXBuildFile; fileRef = F7FAD9971D831E53000DC9CA /* Media.m */; };
		F7FAD9AA1D831EF3000DC9CA /* WebServiceManager.m in Sources */ = {isa = PBXBuildFile; fileRef = F7FAD9A91D831EF3000DC9CA /* WebServiceManager.m */; };
		F7FAD9AB1D831EF3000DC9CA /* WebServiceManager.m in Sources */ = {isa = PBXBuildFile; fileRef = F7FAD9A91D831EF3000DC9CA /* WebServiceManager.m */; };
		F7FAD9AE1D832040000DC9CA /* WebResponseHandler.m in Sources */ = {isa = PBXBuildFile; fileRef = F7FAD9AD1D832040000DC9CA /* WebResponseHandler.m */; };
		F7FAD9AF1D832040000DC9CA /* WebResponseHandler.m in Sources */ = {isa = PBXBuildFile; fileRef = F7FAD9AD1D832040000DC9CA /* WebResponseHandler.m */; };
		F7FAD9B21D8320B0000DC9CA /* UserDataResponseHandler.m in Sources */ = {isa = PBXBuildFile; fileRef = F7FAD9B11D8320B0000DC9CA /* UserDataResponseHandler.m */; };
		F7FAD9B31D8320B0000DC9CA /* UserDataResponseHandler.m in Sources */ = {isa = PBXBuildFile; fileRef = F7FAD9B11D8320B0000DC9CA /* UserDataResponseHandler.m */; };
		F7FAD9B61D8320C2000DC9CA /* TweetDataResponseHandler.m in Sources */ = {isa = PBXBuildFile; fileRef = F7FAD9B51D8320C2000DC9CA /* TweetDataResponseHandler.m */; };
		F7FAD9B71D8320C2000DC9CA /* TweetDataResponseHandler.m in Sources */ = {isa = PBXBuildFile; fileRef = F7FAD9B51D8320C2000DC9CA /* TweetDataResponseHandler.m */; };
/* End PBXBuildFile section */

/* Begin PBXContainerItemProxy section */
		F7FAD95E1D82FCFB000DC9CA /* PBXContainerItemProxy */ = {
			isa = PBXContainerItemProxy;
			containerPortal = F7FAD93C1D82FCFB000DC9CA /* Project object */;
			proxyType = 1;
			remoteGlobalIDString = F7FAD9431D82FCFB000DC9CA;
			remoteInfo = WCMoments;
		};
		F7FAD9691D82FCFB000DC9CA /* PBXContainerItemProxy */ = {
			isa = PBXContainerItemProxy;
			containerPortal = F7FAD93C1D82FCFB000DC9CA /* Project object */;
			proxyType = 1;
			remoteGlobalIDString = F7FAD9431D82FCFB000DC9CA;
			remoteInfo = WCMoments;
		};
/* End PBXContainerItemProxy section */

/* Begin PBXFileReference section */
		20F66187847733B0C40C09AD /* Pods-WCMoments.debug.xcconfig */ = {isa = PBXFileReference; includeInIndex = 1; lastKnownFileType = text.xcconfig; name = "Pods-WCMoments.debug.xcconfig"; path = "Pods/Target Support Files/Pods-WCMoments/Pods-WCMoments.debug.xcconfig"; sourceTree = "<group>"; };
		3D5DEDCD88DDB99139C8F18D /* libPods-WCMoments.a */ = {isa = PBXFileReference; explicitFileType = archive.ar; includeInIndex = 0; path = "libPods-WCMoments.a"; sourceTree = BUILT_PRODUCTS_DIR; };
		8B167BFF5BFD72A84879D7BA /* Pods-WCMoments.release.xcconfig */ = {isa = PBXFileReference; includeInIndex = 1; lastKnownFileType = text.xcconfig; name = "Pods-WCMoments.release.xcconfig"; path = "Pods/Target Support Files/Pods-WCMoments/Pods-WCMoments.release.xcconfig"; sourceTree = "<group>"; };
		F7FAD9441D82FCFB000DC9CA /* WCMoments.app */ = {isa = PBXFileReference; explicitFileType = wrapper.application; includeInIndex = 0; path = WCMoments.app; sourceTree = BUILT_PRODUCTS_DIR; };
		F7FAD9481D82FCFB000DC9CA /* main.m */ = {isa = PBXFileReference; lastKnownFileType = sourcecode.c.objc; path = main.m; sourceTree = "<group>"; };
		F7FAD94A1D82FCFB000DC9CA /* AppDelegate.h */ = {isa = PBXFileReference; lastKnownFileType = sourcecode.c.h; path = AppDelegate.h; sourceTree = "<group>"; };
		F7FAD94B1D82FCFB000DC9CA /* AppDelegate.m */ = {isa = PBXFileReference; lastKnownFileType = sourcecode.c.objc; path = AppDelegate.m; sourceTree = "<group>"; };
		F7FAD9561D82FCFB000DC9CA /* Base */ = {isa = PBXFileReference; lastKnownFileType = file.storyboard; name = Base; path = Base.lproj/LaunchScreen.storyboard; sourceTree = "<group>"; };
		F7FAD9581D82FCFB000DC9CA /* Info.plist */ = {isa = PBXFileReference; lastKnownFileType = text.plist.xml; path = Info.plist; sourceTree = "<group>"; };
		F7FAD95D1D82FCFB000DC9CA /* WCMomentsTests.xctest */ = {isa = PBXFileReference; explicitFileType = wrapper.cfbundle; includeInIndex = 0; path = WCMomentsTests.xctest; sourceTree = BUILT_PRODUCTS_DIR; };
		F7FAD9611D82FCFB000DC9CA /* WCMomentsTests.m */ = {isa = PBXFileReference; lastKnownFileType = sourcecode.c.objc; path = WCMomentsTests.m; sourceTree = "<group>"; };
		F7FAD9631D82FCFB000DC9CA /* Info.plist */ = {isa = PBXFileReference; lastKnownFileType = text.plist.xml; path = Info.plist; sourceTree = "<group>"; };
		F7FAD9681D82FCFB000DC9CA /* WCMomentsUITests.xctest */ = {isa = PBXFileReference; explicitFileType = wrapper.cfbundle; includeInIndex = 0; path = WCMomentsUITests.xctest; sourceTree = BUILT_PRODUCTS_DIR; };
		F7FAD96C1D82FCFB000DC9CA /* WCMomentsUITests.m */ = {isa = PBXFileReference; lastKnownFileType = sourcecode.c.objc; path = WCMomentsUITests.m; sourceTree = "<group>"; };
		F7FAD96E1D82FCFB000DC9CA /* Info.plist */ = {isa = PBXFileReference; lastKnownFileType = text.plist.xml; path = Info.plist; sourceTree = "<group>"; };
		F7FAD97B1D82FDD4000DC9CA /* Assets.xcassets */ = {isa = PBXFileReference; lastKnownFileType = folder.assetcatalog; name = Assets.xcassets; path = Resources/Assets.xcassets; sourceTree = "<group>"; };
		F7FAD9821D82FE92000DC9CA /* MainVC.h */ = {isa = PBXFileReference; fileEncoding = 4; lastKnownFileType = sourcecode.c.h; name = MainVC.h; path = ViewControllers/MainVC.h; sourceTree = "<group>"; };
		F7FAD9831D82FE92000DC9CA /* MainVC.m */ = {isa = PBXFileReference; fileEncoding = 4; lastKnownFileType = sourcecode.c.objc; name = MainVC.m; path = ViewControllers/MainVC.m; sourceTree = "<group>"; };
		F7FAD9861D8317CA000DC9CA /* WCMomentsModel.xcdatamodel */ = {isa = PBXFileReference; lastKnownFileType = wrapper.xcdatamodel; path = WCMomentsModel.xcdatamodel; sourceTree = "<group>"; };
		F7FAD9881D831E53000DC9CA /* Comment+CoreDataProperties.h */ = {isa = PBXFileReference; fileEncoding = 4; lastKnownFileType = sourcecode.c.h; name = "Comment+CoreDataProperties.h"; path = "DataModel/Comment+CoreDataProperties.h"; sourceTree = "<group>"; };
		F7FAD9891D831E53000DC9CA /* Comment+CoreDataProperties.m */ = {isa = PBXFileReference; fileEncoding = 4; lastKnownFileType = sourcecode.c.objc; name = "Comment+CoreDataProperties.m"; path = "DataModel/Comment+CoreDataProperties.m"; sourceTree = "<group>"; };
		F7FAD98A1D831E53000DC9CA /* Comment.h */ = {isa = PBXFileReference; fileEncoding = 4; lastKnownFileType = sourcecode.c.h; name = Comment.h; path = DataModel/Comment.h; sourceTree = "<group>"; };
		F7FAD98B1D831E53000DC9CA /* Comment.m */ = {isa = PBXFileReference; fileEncoding = 4; lastKnownFileType = sourcecode.c.objc; name = Comment.m; path = DataModel/Comment.m; sourceTree = "<group>"; };
		F7FAD98C1D831E53000DC9CA /* Tweet+CoreDataProperties.h */ = {isa = PBXFileReference; fileEncoding = 4; lastKnownFileType = sourcecode.c.h; name = "Tweet+CoreDataProperties.h"; path = "DataModel/Tweet+CoreDataProperties.h"; sourceTree = "<group>"; };
		F7FAD98D1D831E53000DC9CA /* Tweet+CoreDataProperties.m */ = {isa = PBXFileReference; fileEncoding = 4; lastKnownFileType = sourcecode.c.objc; name = "Tweet+CoreDataProperties.m"; path = "DataModel/Tweet+CoreDataProperties.m"; sourceTree = "<group>"; };
		F7FAD98E1D831E53000DC9CA /* Tweet.h */ = {isa = PBXFileReference; fileEncoding = 4; lastKnownFileType = sourcecode.c.h; name = Tweet.h; path = DataModel/Tweet.h; sourceTree = "<group>"; };
		F7FAD98F1D831E53000DC9CA /* Tweet.m */ = {isa = PBXFileReference; fileEncoding = 4; lastKnownFileType = sourcecode.c.objc; name = Tweet.m; path = DataModel/Tweet.m; sourceTree = "<group>"; };
		F7FAD9901D831E53000DC9CA /* User+CoreDataProperties.h */ = {isa = PBXFileReference; fileEncoding = 4; lastKnownFileType = sourcecode.c.h; name = "User+CoreDataProperties.h"; path = "DataModel/User+CoreDataProperties.h"; sourceTree = "<group>"; };
		F7FAD9911D831E53000DC9CA /* User+CoreDataProperties.m */ = {isa = PBXFileReference; fileEncoding = 4; lastKnownFileType = sourcecode.c.objc; name = "User+CoreDataProperties.m"; path = "DataModel/User+CoreDataProperties.m"; sourceTree = "<group>"; };
		F7FAD9921D831E53000DC9CA /* User.h */ = {isa = PBXFileReference; fileEncoding = 4; lastKnownFileType = sourcecode.c.h; name = User.h; path = DataModel/User.h; sourceTree = "<group>"; };
		F7FAD9931D831E53000DC9CA /* User.m */ = {isa = PBXFileReference; fileEncoding = 4; lastKnownFileType = sourcecode.c.objc; name = User.m; path = DataModel/User.m; sourceTree = "<group>"; };
		F7FAD9941D831E53000DC9CA /* Media+CoreDataProperties.h */ = {isa = PBXFileReference; fileEncoding = 4; lastKnownFileType = sourcecode.c.h; name = "Media+CoreDataProperties.h"; path = "DataModel/Media+CoreDataProperties.h"; sourceTree = "<group>"; };
		F7FAD9951D831E53000DC9CA /* Media+CoreDataProperties.m */ = {isa = PBXFileReference; fileEncoding = 4; lastKnownFileType = sourcecode.c.objc; name = "Media+CoreDataProperties.m"; path = "DataModel/Media+CoreDataProperties.m"; sourceTree = "<group>"; };
		F7FAD9961D831E53000DC9CA /* Media.h */ = {isa = PBXFileReference; fileEncoding = 4; lastKnownFileType = sourcecode.c.h; name = Media.h; path = DataModel/Media.h; sourceTree = "<group>"; };
		F7FAD9971D831E53000DC9CA /* Media.m */ = {isa = PBXFileReference; fileEncoding = 4; lastKnownFileType = sourcecode.c.objc; name = Media.m; path = DataModel/Media.m; sourceTree = "<group>"; };
		F7FAD9A81D831EF3000DC9CA /* WebServiceManager.h */ = {isa = PBXFileReference; fileEncoding = 4; lastKnownFileType = sourcecode.c.h; name = WebServiceManager.h; path = Services/WebServiceManager.h; sourceTree = "<group>"; };
		F7FAD9A91D831EF3000DC9CA /* WebServiceManager.m */ = {isa = PBXFileReference; fileEncoding = 4; lastKnownFileType = sourcecode.c.objc; name = WebServiceManager.m; path = Services/WebServiceManager.m; sourceTree = "<group>"; };
		F7FAD9AC1D832040000DC9CA /* WebResponseHandler.h */ = {isa = PBXFileReference; fileEncoding = 4; lastKnownFileType = sourcecode.c.h; name = WebResponseHandler.h; path = Services/WebResponseHandler.h; sourceTree = "<group>"; };
		F7FAD9AD1D832040000DC9CA /* WebResponseHandler.m */ = {isa = PBXFileReference; fileEncoding = 4; lastKnownFileType = sourcecode.c.objc; name = WebResponseHandler.m; path = Services/WebResponseHandler.m; sourceTree = "<group>"; };
		F7FAD9B01D8320B0000DC9CA /* UserDataResponseHandler.h */ = {isa = PBXFileReference; fileEncoding = 4; lastKnownFileType = sourcecode.c.h; name = UserDataResponseHandler.h; path = Services/UserDataResponseHandler.h; sourceTree = "<group>"; };
		F7FAD9B11D8320B0000DC9CA /* UserDataResponseHandler.m */ = {isa = PBXFileReference; fileEncoding = 4; lastKnownFileType = sourcecode.c.objc; name = UserDataResponseHandler.m; path = Services/UserDataResponseHandler.m; sourceTree = "<group>"; };
		F7FAD9B41D8320C2000DC9CA /* TweetDataResponseHandler.h */ = {isa = PBXFileReference; fileEncoding = 4; lastKnownFileType = sourcecode.c.h; name = TweetDataResponseHandler.h; path = Services/TweetDataResponseHandler.h; sourceTree = "<group>"; };
		F7FAD9B51D8320C2000DC9CA /* TweetDataResponseHandler.m */ = {isa = PBXFileReference; fileEncoding = 4; lastKnownFileType = sourcecode.c.objc; name = TweetDataResponseHandler.m; path = Services/TweetDataResponseHandler.m; sourceTree = "<group>"; };
/* End PBXFileReference section */

/* Begin PBXFrameworksBuildPhase section */
		F7FAD9411D82FCFB000DC9CA /* Frameworks */ = {
			isa = PBXFrameworksBuildPhase;
			buildActionMask = 2147483647;
			files = (
				11A639B94C82C7862FFE1B4F /* libPods-WCMoments.a in Frameworks */,
			);
			runOnlyForDeploymentPostprocessing = 0;
		};
		F7FAD95A1D82FCFB000DC9CA /* Frameworks */ = {
			isa = PBXFrameworksBuildPhase;
			buildActionMask = 2147483647;
			files = (
			);
			runOnlyForDeploymentPostprocessing = 0;
		};
		F7FAD9651D82FCFB000DC9CA /* Frameworks */ = {
			isa = PBXFrameworksBuildPhase;
			buildActionMask = 2147483647;
			files = (
			);
			runOnlyForDeploymentPostprocessing = 0;
		};
/* End PBXFrameworksBuildPhase section */

/* Begin PBXGroup section */
		61176C8C6C768219D9963EAF /* Pods */ = {
			isa = PBXGroup;
			children = (
				20F66187847733B0C40C09AD /* Pods-WCMoments.debug.xcconfig */,
				8B167BFF5BFD72A84879D7BA /* Pods-WCMoments.release.xcconfig */,
			);
			name = Pods;
			sourceTree = "<group>";
		};
		A3AAB5208FD1E403983B302A /* Frameworks */ = {
			isa = PBXGroup;
			children = (
				3D5DEDCD88DDB99139C8F18D /* libPods-WCMoments.a */,
			);
			name = Frameworks;
			sourceTree = "<group>";
		};
		F7FAD93B1D82FCFB000DC9CA = {
			isa = PBXGroup;
			children = (
				F7FAD9461D82FCFB000DC9CA /* WCMoments */,
				F7FAD9601D82FCFB000DC9CA /* WCMomentsTests */,
				F7FAD96B1D82FCFB000DC9CA /* WCMomentsUITests */,
				F7FAD9451D82FCFB000DC9CA /* Products */,
				61176C8C6C768219D9963EAF /* Pods */,
				A3AAB5208FD1E403983B302A /* Frameworks */,
			);
			sourceTree = "<group>";
		};
		F7FAD9451D82FCFB000DC9CA /* Products */ = {
			isa = PBXGroup;
			children = (
				F7FAD9441D82FCFB000DC9CA /* WCMoments.app */,
				F7FAD95D1D82FCFB000DC9CA /* WCMomentsTests.xctest */,
				F7FAD9681D82FCFB000DC9CA /* WCMomentsUITests.xctest */,
			);
			name = Products;
			sourceTree = "<group>";
		};
		F7FAD9461D82FCFB000DC9CA /* WCMoments */ = {
			isa = PBXGroup;
			children = (
				F7FAD9811D82FE21000DC9CA /* Utility */,
				F7FAD9801D82FE1A000DC9CA /* Services */,
				F7FAD97F1D82FE0E000DC9CA /* DataModel */,
				F7FAD97E1D82FE04000DC9CA /* Views */,
				F7FAD97D1D82FDF9000DC9CA /* ViewControllers */,
				F7FAD97A1D82FDBF000DC9CA /* Resources */,
				F7FAD94A1D82FCFB000DC9CA /* AppDelegate.h */,
				F7FAD94B1D82FCFB000DC9CA /* AppDelegate.m */,
				F7FAD9471D82FCFB000DC9CA /* Supporting Files */,
			);
			path = WCMoments;
			sourceTree = "<group>";
		};
		F7FAD9471D82FCFB000DC9CA /* Supporting Files */ = {
			isa = PBXGroup;
			children = (
				F7FAD9551D82FCFB000DC9CA /* LaunchScreen.storyboard */,
				F7FAD9581D82FCFB000DC9CA /* Info.plist */,
				F7FAD9481D82FCFB000DC9CA /* main.m */,
			);
			name = "Supporting Files";
			sourceTree = "<group>";
		};
		F7FAD9601D82FCFB000DC9CA /* WCMomentsTests */ = {
			isa = PBXGroup;
			children = (
				F7FAD9611D82FCFB000DC9CA /* WCMomentsTests.m */,
				F7FAD9631D82FCFB000DC9CA /* Info.plist */,
			);
			path = WCMomentsTests;
			sourceTree = "<group>";
		};
		F7FAD96B1D82FCFB000DC9CA /* WCMomentsUITests */ = {
			isa = PBXGroup;
			children = (
				F7FAD96C1D82FCFB000DC9CA /* WCMomentsUITests.m */,
				F7FAD96E1D82FCFB000DC9CA /* Info.plist */,
			);
			path = WCMomentsUITests;
			sourceTree = "<group>";
		};
		F7FAD97A1D82FDBF000DC9CA /* Resources */ = {
			isa = PBXGroup;
			children = (
				F7FAD97B1D82FDD4000DC9CA /* Assets.xcassets */,
			);
			name = Resources;
			sourceTree = "<group>";
		};
		F7FAD97D1D82FDF9000DC9CA /* ViewControllers */ = {
			isa = PBXGroup;
			children = (
				F7FAD9821D82FE92000DC9CA /* MainVC.h */,
				F7FAD9831D82FE92000DC9CA /* MainVC.m */,
			);
			name = ViewControllers;
			sourceTree = "<group>";
		};
		F7FAD97E1D82FE04000DC9CA /* Views */ = {
			isa = PBXGroup;
			children = (
			);
			name = Views;
			sourceTree = "<group>";
		};
		F7FAD97F1D82FE0E000DC9CA /* DataModel */ = {
			isa = PBXGroup;
			children = (
				F7FAD9881D831E53000DC9CA /* Comment+CoreDataProperties.h */,
				F7FAD9891D831E53000DC9CA /* Comment+CoreDataProperties.m */,
				F7FAD98A1D831E53000DC9CA /* Comment.h */,
				F7FAD98B1D831E53000DC9CA /* Comment.m */,
				F7FAD98C1D831E53000DC9CA /* Tweet+CoreDataProperties.h */,
				F7FAD98D1D831E53000DC9CA /* Tweet+CoreDataProperties.m */,
				F7FAD98E1D831E53000DC9CA /* Tweet.h */,
				F7FAD98F1D831E53000DC9CA /* Tweet.m */,
				F7FAD9901D831E53000DC9CA /* User+CoreDataProperties.h */,
				F7FAD9911D831E53000DC9CA /* User+CoreDataProperties.m */,
				F7FAD9921D831E53000DC9CA /* User.h */,
				F7FAD9931D831E53000DC9CA /* User.m */,
				F7FAD9941D831E53000DC9CA /* Media+CoreDataProperties.h */,
				F7FAD9951D831E53000DC9CA /* Media+CoreDataProperties.m */,
				F7FAD9961D831E53000DC9CA /* Media.h */,
				F7FAD9971D831E53000DC9CA /* Media.m */,
				F7FAD9851D8317CA000DC9CA /* WCMomentsModel.xcdatamodeld */,
			);
			name = DataModel;
			sourceTree = "<group>";
		};
		F7FAD9801D82FE1A000DC9CA /* Services */ = {
			isa = PBXGroup;
			children = (
				F7FAD9A81D831EF3000DC9CA /* WebServiceManager.h */,
				F7FAD9A91D831EF3000DC9CA /* WebServiceManager.m */,
				F7FAD9AC1D832040000DC9CA /* WebResponseHandler.h */,
				F7FAD9AD1D832040000DC9CA /* WebResponseHandler.m */,
				F7FAD9B01D8320B0000DC9CA /* UserDataResponseHandler.h */,
				F7FAD9B11D8320B0000DC9CA /* UserDataResponseHandler.m */,
				F7FAD9B41D8320C2000DC9CA /* TweetDataResponseHandler.h */,
				F7FAD9B51D8320C2000DC9CA /* TweetDataResponseHandler.m */,
			);
			name = Services;
			sourceTree = "<group>";
		};
		F7FAD9811D82FE21000DC9CA /* Utility */ = {
			isa = PBXGroup;
			children = (
			);
			name = Utility;
			sourceTree = "<group>";
		};
/* End PBXGroup section */

/* Begin PBXNativeTarget section */
		F7FAD9431D82FCFB000DC9CA /* WCMoments */ = {
			isa = PBXNativeTarget;
			buildConfigurationList = F7FAD9711D82FCFB000DC9CA /* Build configuration list for PBXNativeTarget "WCMoments" */;
			buildPhases = (
				8EF1A13D81C7C797AA458884 /* Check Pods Manifest.lock */,
				F7FAD9401D82FCFB000DC9CA /* Sources */,
				F7FAD9411D82FCFB000DC9CA /* Frameworks */,
				F7FAD9421D82FCFB000DC9CA /* Resources */,
				16C68EB7882B27AFC7048EBF /* Embed Pods Frameworks */,
				750D20818D960371E13CD861 /* Copy Pods Resources */,
			);
			buildRules = (
			);
			dependencies = (
			);
			name = WCMoments;
			productName = WCMoments;
			productReference = F7FAD9441D82FCFB000DC9CA /* WCMoments.app */;
			productType = "com.apple.product-type.application";
		};
		F7FAD95C1D82FCFB000DC9CA /* WCMomentsTests */ = {
			isa = PBXNativeTarget;
			buildConfigurationList = F7FAD9741D82FCFB000DC9CA /* Build configuration list for PBXNativeTarget "WCMomentsTests" */;
			buildPhases = (
				F7FAD9591D82FCFB000DC9CA /* Sources */,
				F7FAD95A1D82FCFB000DC9CA /* Frameworks */,
				F7FAD95B1D82FCFB000DC9CA /* Resources */,
			);
			buildRules = (
			);
			dependencies = (
				F7FAD95F1D82FCFB000DC9CA /* PBXTargetDependency */,
			);
			name = WCMomentsTests;
			productName = WCMomentsTests;
			productReference = F7FAD95D1D82FCFB000DC9CA /* WCMomentsTests.xctest */;
			productType = "com.apple.product-type.bundle.unit-test";
		};
		F7FAD9671D82FCFB000DC9CA /* WCMomentsUITests */ = {
			isa = PBXNativeTarget;
			buildConfigurationList = F7FAD9771D82FCFB000DC9CA /* Build configuration list for PBXNativeTarget "WCMomentsUITests" */;
			buildPhases = (
				F7FAD9641D82FCFB000DC9CA /* Sources */,
				F7FAD9651D82FCFB000DC9CA /* Frameworks */,
				F7FAD9661D82FCFB000DC9CA /* Resources */,
			);
			buildRules = (
			);
			dependencies = (
				F7FAD96A1D82FCFB000DC9CA /* PBXTargetDependency */,
			);
			name = WCMomentsUITests;
			productName = WCMomentsUITests;
			productReference = F7FAD9681D82FCFB000DC9CA /* WCMomentsUITests.xctest */;
			productType = "com.apple.product-type.bundle.ui-testing";
		};
/* End PBXNativeTarget section */

/* Begin PBXProject section */
		F7FAD93C1D82FCFB000DC9CA /* Project object */ = {
			isa = PBXProject;
			attributes = {
				LastUpgradeCheck = 0730;
				ORGANIZATIONNAME = QianKun;
				TargetAttributes = {
					F7FAD9431D82FCFB000DC9CA = {
						CreatedOnToolsVersion = 7.3.1;
					};
					F7FAD95C1D82FCFB000DC9CA = {
						CreatedOnToolsVersion = 7.3.1;
						TestTargetID = F7FAD9431D82FCFB000DC9CA;
					};
					F7FAD9671D82FCFB000DC9CA = {
						CreatedOnToolsVersion = 7.3.1;
						TestTargetID = F7FAD9431D82FCFB000DC9CA;
					};
				};
			};
			buildConfigurationList = F7FAD93F1D82FCFB000DC9CA /* Build configuration list for PBXProject "WCMoments" */;
			compatibilityVersion = "Xcode 3.2";
			developmentRegion = English;
			hasScannedForEncodings = 0;
			knownRegions = (
				en,
				Base,
			);
			mainGroup = F7FAD93B1D82FCFB000DC9CA;
			productRefGroup = F7FAD9451D82FCFB000DC9CA /* Products */;
			projectDirPath = "";
			projectRoot = "";
			targets = (
				F7FAD9431D82FCFB000DC9CA /* WCMoments */,
				F7FAD95C1D82FCFB000DC9CA /* WCMomentsTests */,
				F7FAD9671D82FCFB000DC9CA /* WCMomentsUITests */,
			);
		};
/* End PBXProject section */

/* Begin PBXResourcesBuildPhase section */
		F7FAD9421D82FCFB000DC9CA /* Resources */ = {
			isa = PBXResourcesBuildPhase;
			buildActionMask = 2147483647;
			files = (
				F7FAD97C1D82FDD4000DC9CA /* Assets.xcassets in Resources */,
				F7FAD9571D82FCFB000DC9CA /* LaunchScreen.storyboard in Resources */,
			);
			runOnlyForDeploymentPostprocessing = 0;
		};
		F7FAD95B1D82FCFB000DC9CA /* Resources */ = {
			isa = PBXResourcesBuildPhase;
			buildActionMask = 2147483647;
			files = (
			);
			runOnlyForDeploymentPostprocessing = 0;
		};
		F7FAD9661D82FCFB000DC9CA /* Resources */ = {
			isa = PBXResourcesBuildPhase;
			buildActionMask = 2147483647;
			files = (
			);
			runOnlyForDeploymentPostprocessing = 0;
		};
/* End PBXResourcesBuildPhase section */

/* Begin PBXShellScriptBuildPhase section */
		16C68EB7882B27AFC7048EBF /* Embed Pods Frameworks */ = {
			isa = PBXShellScriptBuildPhase;
			buildActionMask = 2147483647;
			files = (
			);
			inputPaths = (
			);
			name = "Embed Pods Frameworks";
			outputPaths = (
			);
			runOnlyForDeploymentPostprocessing = 0;
			shellPath = /bin/sh;
			shellScript = "\"${SRCROOT}/Pods/Target Support Files/Pods-WCMoments/Pods-WCMoments-frameworks.sh\"\n";
			showEnvVarsInLog = 0;
		};
		750D20818D960371E13CD861 /* Copy Pods Resources */ = {
			isa = PBXShellScriptBuildPhase;
			buildActionMask = 2147483647;
			files = (
			);
			inputPaths = (
			);
			name = "Copy Pods Resources";
			outputPaths = (
			);
			runOnlyForDeploymentPostprocessing = 0;
			shellPath = /bin/sh;
			shellScript = "\"${SRCROOT}/Pods/Target Support Files/Pods-WCMoments/Pods-WCMoments-resources.sh\"\n";
			showEnvVarsInLog = 0;
		};
		8EF1A13D81C7C797AA458884 /* Check Pods Manifest.lock */ = {
			isa = PBXShellScriptBuildPhase;
			buildActionMask = 2147483647;
			files = (
			);
			inputPaths = (
			);
			name = "Check Pods Manifest.lock";
			outputPaths = (
			);
			runOnlyForDeploymentPostprocessing = 0;
			shellPath = /bin/sh;
			shellScript = "diff \"${PODS_ROOT}/../Podfile.lock\" \"${PODS_ROOT}/Manifest.lock\" > /dev/null\nif [[ $? != 0 ]] ; then\n    cat << EOM\nerror: The sandbox is not in sync with the Podfile.lock. Run 'pod install' or update your CocoaPods installation.\nEOM\n    exit 1\nfi\n";
			showEnvVarsInLog = 0;
		};
/* End PBXShellScriptBuildPhase section */

/* Begin PBXSourcesBuildPhase section */
		F7FAD9401D82FCFB000DC9CA /* Sources */ = {
			isa = PBXSourcesBuildPhase;
			buildActionMask = 2147483647;
			files = (
				F7FAD9B21D8320B0000DC9CA /* UserDataResponseHandler.m in Sources */,
				F7FAD9AA1D831EF3000DC9CA /* WebServiceManager.m in Sources */,
				F7FAD9A21D831E53000DC9CA /* User.m in Sources */,
				F7FAD9841D82FE92000DC9CA /* MainVC.m in Sources */,
				F7FAD99A1D831E53000DC9CA /* Comment.m in Sources */,
				F7FAD9B61D8320C2000DC9CA /* TweetDataResponseHandler.m in Sources */,
				F7FAD9981D831E53000DC9CA /* Comment+CoreDataProperties.m in Sources */,
				F7FAD9A01D831E53000DC9CA /* User+CoreDataProperties.m in Sources */,
				F7FAD9AE1D832040000DC9CA /* WebResponseHandler.m in Sources */,
				F7FAD9A41D831E53000DC9CA /* Media+CoreDataProperties.m in Sources */,
				F7FAD9A61D831E53000DC9CA /* Media.m in Sources */,
				F7FAD99E1D831E53000DC9CA /* Tweet.m in Sources */,
				F7FAD99C1D831E53000DC9CA /* Tweet+CoreDataProperties.m in Sources */,
				F7FAD9871D8317CA000DC9CA /* WCMomentsModel.xcdatamodeld in Sources */,
				F7FAD94C1D82FCFB000DC9CA /* AppDelegate.m in Sources */,
				F7FAD9491D82FCFB000DC9CA /* main.m in Sources */,
			);
			runOnlyForDeploymentPostprocessing = 0;
		};
		F7FAD9591D82FCFB000DC9CA /* Sources */ = {
			isa = PBXSourcesBuildPhase;
			buildActionMask = 2147483647;
			files = (
				F7FAD9AB1D831EF3000DC9CA /* WebServiceManager.m in Sources */,
				F7FAD9A51D831E53000DC9CA /* Media+CoreDataProperties.m in Sources */,
				F7FAD9A11D831E53000DC9CA /* User+CoreDataProperties.m in Sources */,
				F7FAD9A31D831E53000DC9CA /* User.m in Sources */,
				F7FAD9621D82FCFB000DC9CA /* WCMomentsTests.m in Sources */,
				F7FAD9AF1D832040000DC9CA /* WebResponseHandler.m in Sources */,
				F7FAD9B31D8320B0000DC9CA /* UserDataResponseHandler.m in Sources */,
				F7FAD99D1D831E53000DC9CA /* Tweet+CoreDataProperties.m in Sources */,
				F7FAD99F1D831E53000DC9CA /* Tweet.m in Sources */,
				F7FAD9B71D8320C2000DC9CA /* TweetDataResponseHandler.m in Sources */,
				F7FAD9A71D831E53000DC9CA /* Media.m in Sources */,
				F7FAD99B1D831E53000DC9CA /* Comment.m in Sources */,
				F7FAD9991D831E53000DC9CA /* Comment+CoreDataProperties.m in Sources */,
			);
			runOnlyForDeploymentPostprocessing = 0;
		};
		F7FAD9641D82FCFB000DC9CA /* Sources */ = {
			isa = PBXSourcesBuildPhase;
			buildActionMask = 2147483647;
			files = (
				F7FAD96D1D82FCFB000DC9CA /* WCMomentsUITests.m in Sources */,
			);
			runOnlyForDeploymentPostprocessing = 0;
		};
/* End PBXSourcesBuildPhase section */

/* Begin PBXTargetDependency section */
		F7FAD95F1D82FCFB000DC9CA /* PBXTargetDependency */ = {
			isa = PBXTargetDependency;
			target = F7FAD9431D82FCFB000DC9CA /* WCMoments */;
			targetProxy = F7FAD95E1D82FCFB000DC9CA /* PBXContainerItemProxy */;
		};
		F7FAD96A1D82FCFB000DC9CA /* PBXTargetDependency */ = {
			isa = PBXTargetDependency;
			target = F7FAD9431D82FCFB000DC9CA /* WCMoments */;
			targetProxy = F7FAD9691D82FCFB000DC9CA /* PBXContainerItemProxy */;
		};
/* End PBXTargetDependency section */

/* Begin PBXVariantGroup section */
		F7FAD9551D82FCFB000DC9CA /* LaunchScreen.storyboard */ = {
			isa = PBXVariantGroup;
			children = (
				F7FAD9561D82FCFB000DC9CA /* Base */,
			);
			name = LaunchScreen.storyboard;
			sourceTree = "<group>";
		};
/* End PBXVariantGroup section */

/* Begin XCBuildConfiguration section */
		F7FAD96F1D82FCFB000DC9CA /* Debug */ = {
			isa = XCBuildConfiguration;
			buildSettings = {
				ALWAYS_SEARCH_USER_PATHS = NO;
				CLANG_ANALYZER_NONNULL = YES;
				CLANG_CXX_LANGUAGE_STANDARD = "gnu++0x";
				CLANG_CXX_LIBRARY = "libc++";
				CLANG_ENABLE_MODULES = YES;
				CLANG_ENABLE_OBJC_ARC = YES;
				CLANG_WARN_BOOL_CONVERSION = YES;
				CLANG_WARN_CONSTANT_CONVERSION = YES;
				CLANG_WARN_DIRECT_OBJC_ISA_USAGE = YES_ERROR;
				CLANG_WARN_EMPTY_BODY = YES;
				CLANG_WARN_ENUM_CONVERSION = YES;
				CLANG_WARN_INT_CONVERSION = YES;
				CLANG_WARN_OBJC_ROOT_CLASS = YES_ERROR;
				CLANG_WARN_UNREACHABLE_CODE = YES;
				CLANG_WARN__DUPLICATE_METHOD_MATCH = YES;
				"CODE_SIGN_IDENTITY[sdk=iphoneos*]" = "iPhone Developer";
				COPY_PHASE_STRIP = NO;
				DEBUG_INFORMATION_FORMAT = dwarf;
				ENABLE_STRICT_OBJC_MSGSEND = YES;
				ENABLE_TESTABILITY = YES;
				GCC_C_LANGUAGE_STANDARD = gnu99;
				GCC_DYNAMIC_NO_PIC = NO;
				GCC_NO_COMMON_BLOCKS = YES;
				GCC_OPTIMIZATION_LEVEL = 0;
				GCC_PREPROCESSOR_DEFINITIONS = (
					"DEBUG=1",
					"$(inherited)",
				);
				GCC_WARN_64_TO_32_BIT_CONVERSION = YES;
				GCC_WARN_ABOUT_RETURN_TYPE = YES_ERROR;
				GCC_WARN_UNDECLARED_SELECTOR = YES;
				GCC_WARN_UNINITIALIZED_AUTOS = YES_AGGRESSIVE;
				GCC_WARN_UNUSED_FUNCTION = YES;
				GCC_WARN_UNUSED_VARIABLE = YES;
				IPHONEOS_DEPLOYMENT_TARGET = 9.3;
				MTL_ENABLE_DEBUG_INFO = YES;
				ONLY_ACTIVE_ARCH = YES;
				SDKROOT = iphoneos;
			};
			name = Debug;
		};
		F7FAD9701D82FCFB000DC9CA /* Release */ = {
			isa = XCBuildConfiguration;
			buildSettings = {
				ALWAYS_SEARCH_USER_PATHS = NO;
				CLANG_ANALYZER_NONNULL = YES;
				CLANG_CXX_LANGUAGE_STANDARD = "gnu++0x";
				CLANG_CXX_LIBRARY = "libc++";
				CLANG_ENABLE_MODULES = YES;
				CLANG_ENABLE_OBJC_ARC = YES;
				CLANG_WARN_BOOL_CONVERSION = YES;
				CLANG_WARN_CONSTANT_CONVERSION = YES;
				CLANG_WARN_DIRECT_OBJC_ISA_USAGE = YES_ERROR;
				CLANG_WARN_EMPTY_BODY = YES;
				CLANG_WARN_ENUM_CONVERSION = YES;
				CLANG_WARN_INT_CONVERSION = YES;
				CLANG_WARN_OBJC_ROOT_CLASS = YES_ERROR;
				CLANG_WARN_UNREACHABLE_CODE = YES;
				CLANG_WARN__DUPLICATE_METHOD_MATCH = YES;
				"CODE_SIGN_IDENTITY[sdk=iphoneos*]" = "iPhone Developer";
				COPY_PHASE_STRIP = NO;
				DEBUG_INFORMATION_FORMAT = "dwarf-with-dsym";
				ENABLE_NS_ASSERTIONS = NO;
				ENABLE_STRICT_OBJC_MSGSEND = YES;
				GCC_C_LANGUAGE_STANDARD = gnu99;
				GCC_NO_COMMON_BLOCKS = YES;
				GCC_WARN_64_TO_32_BIT_CONVERSION = YES;
				GCC_WARN_ABOUT_RETURN_TYPE = YES_ERROR;
				GCC_WARN_UNDECLARED_SELECTOR = YES;
				GCC_WARN_UNINITIALIZED_AUTOS = YES_AGGRESSIVE;
				GCC_WARN_UNUSED_FUNCTION = YES;
				GCC_WARN_UNUSED_VARIABLE = YES;
				IPHONEOS_DEPLOYMENT_TARGET = 9.3;
				MTL_ENABLE_DEBUG_INFO = NO;
				SDKROOT = iphoneos;
				VALIDATE_PRODUCT = YES;
			};
			name = Release;
		};
		F7FAD9721D82FCFB000DC9CA /* Debug */ = {
			isa = XCBuildConfiguration;
			baseConfigurationReference = 20F66187847733B0C40C09AD /* Pods-WCMoments.debug.xcconfig */;
			buildSettings = {
				ASSETCATALOG_COMPILER_APPICON_NAME = AppIcon;
				INFOPLIST_FILE = WCMoments/Info.plist;
				IPHONEOS_DEPLOYMENT_TARGET = 7.0;
				LD_RUNPATH_SEARCH_PATHS = "$(inherited) @executable_path/Frameworks";
				PRODUCT_BUNDLE_IDENTIFIER = com.thoughtworks.WCMoments;
				PRODUCT_NAME = "$(TARGET_NAME)";
			};
			name = Debug;
		};
		F7FAD9731D82FCFB000DC9CA /* Release */ = {
			isa = XCBuildConfiguration;
			baseConfigurationReference = 8B167BFF5BFD72A84879D7BA /* Pods-WCMoments.release.xcconfig */;
			buildSettings = {
				ASSETCATALOG_COMPILER_APPICON_NAME = AppIcon;
				INFOPLIST_FILE = WCMoments/Info.plist;
				IPHONEOS_DEPLOYMENT_TARGET = 7.0;
				LD_RUNPATH_SEARCH_PATHS = "$(inherited) @executable_path/Frameworks";
				PRODUCT_BUNDLE_IDENTIFIER = com.thoughtworks.WCMoments;
				PRODUCT_NAME = "$(TARGET_NAME)";
			};
			name = Release;
		};
		F7FAD9751D82FCFB000DC9CA /* Debug */ = {
			isa = XCBuildConfiguration;
			buildSettings = {
				BUNDLE_LOADER = "$(TEST_HOST)";
				INFOPLIST_FILE = WCMomentsTests/Info.plist;
				LD_RUNPATH_SEARCH_PATHS = "$(inherited) @executable_path/Frameworks @loader_path/Frameworks";
				PRODUCT_BUNDLE_IDENTIFIER = com.thoughtworks.WCMomentsTests;
				PRODUCT_NAME = "$(TARGET_NAME)";
				TEST_HOST = "$(BUILT_PRODUCTS_DIR)/WCMoments.app/WCMoments";
			};
			name = Debug;
		};
		F7FAD9761D82FCFB000DC9CA /* Release */ = {
			isa = XCBuildConfiguration;
			buildSettings = {
				BUNDLE_LOADER = "$(TEST_HOST)";
				INFOPLIST_FILE = WCMomentsTests/Info.plist;
				LD_RUNPATH_SEARCH_PATHS = "$(inherited) @executable_path/Frameworks @loader_path/Frameworks";
				PRODUCT_BUNDLE_IDENTIFIER = com.thoughtworks.WCMomentsTests;
				PRODUCT_NAME = "$(TARGET_NAME)";
				TEST_HOST = "$(BUILT_PRODUCTS_DIR)/WCMoments.app/WCMoments";
			};
			name = Release;
		};
		F7FAD9781D82FCFB000DC9CA /* Debug */ = {
			isa = XCBuildConfiguration;
			buildSettings = {
				INFOPLIST_FILE = WCMomentsUITests/Info.plist;
				LD_RUNPATH_SEARCH_PATHS = "$(inherited) @executable_path/Frameworks @loader_path/Frameworks";
				PRODUCT_BUNDLE_IDENTIFIER = com.thoughtworks.WCMomentsUITests;
				PRODUCT_NAME = "$(TARGET_NAME)";
				TEST_TARGET_NAME = WCMoments;
			};
			name = Debug;
		};
		F7FAD9791D82FCFB000DC9CA /* Release */ = {
			isa = XCBuildConfiguration;
			buildSettings = {
				INFOPLIST_FILE = WCMomentsUITests/Info.plist;
				LD_RUNPATH_SEARCH_PATHS = "$(inherited) @executable_path/Frameworks @loader_path/Frameworks";
				PRODUCT_BUNDLE_IDENTIFIER = com.thoughtworks.WCMomentsUITests;
				PRODUCT_NAME = "$(TARGET_NAME)";
				TEST_TARGET_NAME = WCMoments;
			};
			name = Release;
		};
/* End XCBuildConfiguration section */

/* Begin XCConfigurationList section */
		F7FAD93F1D82FCFB000DC9CA /* Build configuration list for PBXProject "WCMoments" */ = {
			isa = XCConfigurationList;
			buildConfigurations = (
				F7FAD96F1D82FCFB000DC9CA /* Debug */,
				F7FAD9701D82FCFB000DC9CA /* Release */,
			);
			defaultConfigurationIsVisible = 0;
			defaultConfigurationName = Release;
		};
		F7FAD9711D82FCFB000DC9CA /* Build configuration list for PBXNativeTarget "WCMoments" */ = {
			isa = XCConfigurationList;
			buildConfigurations = (
				F7FAD9721D82FCFB000DC9CA /* Debug */,
				F7FAD9731D82FCFB000DC9CA /* Release */,
			);
			defaultConfigurationIsVisible = 0;
			defaultConfigurationName = Release;
		};
		F7FAD9741D82FCFB000DC9CA /* Build configuration list for PBXNativeTarget "WCMomentsTests" */ = {
			isa = XCConfigurationList;
			buildConfigurations = (
				F7FAD9751D82FCFB000DC9CA /* Debug */,
				F7FAD9761D82FCFB000DC9CA /* Release */,
			);
			defaultConfigurationIsVisible = 0;
			defaultConfigurationName = Release;
		};
		F7FAD9771D82FCFB000DC9CA /* Build configuration list for PBXNativeTarget "WCMomentsUITests" */ = {
			isa = XCConfigurationList;
			buildConfigurations = (
				F7FAD9781D82FCFB000DC9CA /* Debug */,
				F7FAD9791D82FCFB000DC9CA /* Release */,
			);
			defaultConfigurationIsVisible = 0;
			defaultConfigurationName = Release;
		};
/* End XCConfigurationList section */

/* Begin XCVersionGroup section */
		F7FAD9851D8317CA000DC9CA /* WCMomentsModel.xcdatamodeld */ = {
			isa = XCVersionGroup;
			children = (
				F7FAD9861D8317CA000DC9CA /* WCMomentsModel.xcdatamodel */,
			);
			currentVersion = F7FAD9861D8317CA000DC9CA /* WCMomentsModel.xcdatamodel */;
			name = WCMomentsModel.xcdatamodeld;
			path = DataModel/WCMomentsModel.xcdatamodeld;
			sourceTree = "<group>";
			versionGroupType = wrapper.xcdatamodel;
		};
/* End XCVersionGroup section */
	};
	rootObject = F7FAD93C1D82FCFB000DC9CA /* Project object */;
}
